
Microsoft Visual Studio Solution File, Format Version 12.00
# Visual Studio Version 17
VisualStudioVersion = 17.14.36301.6 d17.14
MinimumVisualStudioVersion = 10.0.40219.1
Project("{FAE04EC0-301F-11D3-BF4B-00C04F79EFBC}") = "YatriiWorld", "YatriiWorld\YatriiWorld.csproj", "{3E7675BC-9A72-458F-881C-E45FD9E81614}"
EndProject
Global
	GlobalSection(SolutionConfigurationPlatforms) = preSolution
		Debug|Any CPU = Debug|Any CPU
		Release|Any CPU = Release|Any CPU
	EndGlobalSection
	GlobalSection(ProjectConfigurationPlatforms) = postSolution
		{3E7675BC-9A72-458F-881C-E45FD9E81614}.Debug|Any CPU.ActiveCfg = Debug|Any CPU
		{3E7675BC-9A72-458F-881C-E45FD9E81614}.Debug|Any CPU.Build.0 = Debug|Any CPU
		{3E7675BC-9A72-458F-881C-E45FD9E81614}.Release|Any CPU.ActiveCfg = Release|Any CPU
		{3E7675BC-9A72-458F-881C-E45FD9E81614}.Release|Any CPU.Build.0 = Release|Any CPU
	EndGlobalSection
	GlobalSection(SolutionProperties) = preSolution
		HideSolutionNode = FALSE
	EndGlobalSection
	GlobalSection(ExtensibilityGlobals) = postSolution
		SolutionGuid = {9882DDDB-ACFB-4629-A6B0-93F94DC1ED67}
	EndGlobalSection
EndGlobal
